
Microsoft Visual Studio Solution File, Format Version 12.00
# Visual Studio Version 17
VisualStudioVersion = 17.4.33213.308
MinimumVisualStudioVersion = 10.0.40219.1
Project("{8BC9CEB8-8B4A-11D0-8D11-00A0C91BC942}") = "Try", "Try.vcxproj", "{71B8CCE7-1B7B-4A1B-BAE4-ACBFE795BC36}"
EndProject
Global
	GlobalSection(SolutionConfigurationPlatforms) = preSolution
		Debug|x64 = Debug|x64
		Debug|x86 = Debug|x86
		Release|x64 = Release|x64
		Release|x86 = Release|x86
	EndGlobalSection
	GlobalSection(ProjectConfigurationPlatforms) = postSolution
		{71B8CCE7-1B7B-4A1B-BAE4-ACBFE795BC36}.Debug|x64.ActiveCfg = Debug|x64
		{71B8CCE7-1B7B-4A1B-BAE4-ACBFE795BC36}.Debug|x64.Build.0 = Debug|x64
		{71B8CCE7-1B7B-4A1B-BAE4-ACBFE795BC36}.Debug|x86.ActiveCfg = Debug|Win32
		{71B8CCE7-1B7B-4A1B-BAE4-ACBFE795BC36}.Debug|x86.Build.0 = Debug|Win32
		{71B8CCE7-1B7B-4A1B-BAE4-ACBFE795BC36}.Release|x64.ActiveCfg = Release|x64
		{71B8CCE7-1B7B-4A1B-BAE4-ACBFE795BC36}.Release|x64.Build.0 = Release|x64
		{71B8CCE7-1B7B-4A1B-BAE4-ACBFE795BC36}.Release|x86.ActiveCfg = Release|Win32
		{71B8CCE7-1B7B-4A1B-BAE4-ACBFE795BC36}.Release|x86.Build.0 = Release|Win32
	EndGlobalSection
	GlobalSection(SolutionProperties) = preSolution
		HideSolutionNode = FALSE
	EndGlobalSection
	GlobalSection(ExtensibilityGlobals) = postSolution
		SolutionGuid = {C764212E-599B-47DE-9128-234B93AF9F2F}
	EndGlobalSection
EndGlobal
